
Microsoft Visual Studio Solution File, Format Version 12.00
# Visual Studio Version 16
VisualStudioVersion = 16.6.30114.105
MinimumVisualStudioVersion = 10.0.40219.1
Project("{2150E333-8FDC-42A3-9474-1A3956D46DE8}") = "Library", "Library", "{96E588AA-AF76-45C0-99BA-3088CCACB6FC}"
EndProject
Project("{2150E333-8FDC-42A3-9474-1A3956D46DE8}") = "RqLogger.Middleware", "RqLogger.Middleware", "{EEF84454-E23D-4D32-8846-25F291D080E0}"
EndProject
Project("{FAE04EC0-301F-11D3-BF4B-00C04F79EFBC}") = "RqLogger.Middleware", "Library\RqLogger.Middleware\Code\RqLogger.Middleware.csproj", "{20F8A01F-3E19-43A2-A2A7-30E8DFE54886}"
EndProject
Project("{FAE04EC0-301F-11D3-BF4B-00C04F79EFBC}") = "RqLogger.Middleware.Tests", "Library\RqLogger.Middleware\Tests\RqLogger.Middleware.Tests.csproj", "{29FB783B-9B5B-4B29-AAF3-CAFD681ABF49}"
EndProject
Project("{2150E333-8FDC-42A3-9474-1A3956D46DE8}") = "API", "API", "{8C7D532C-3882-4BF6-BF2E-6ACE5A785C3B}"
EndProject
Project("{2150E333-8FDC-42A3-9474-1A3956D46DE8}") = "RqLogger.Demo", "RqLogger.Demo", "{EBF27C7C-B667-43A7-B95B-4301E116EF82}"
EndProject
Project("{FAE04EC0-301F-11D3-BF4B-00C04F79EFBC}") = "RqLogger.Demo", "API\RqLogger.Demo\Code\RqLogger.Demo.csproj", "{F2BE5F68-4702-46A6-97C2-D82D386D7440}"
EndProject
Project("{FAE04EC0-301F-11D3-BF4B-00C04F79EFBC}") = "RqLogger.Demo.Tests", "API\RqLogger.Demo\Tests\RqLogger.Demo.Tests.csproj", "{2EDDB1CE-A650-4C76-83A6-B516599CE394}"
EndProject
Project("{2150E333-8FDC-42A3-9474-1A3956D46DE8}") = "RqLogger.Logger", "RqLogger.Logger", "{5EDB6EC0-C6EC-428E-990B-2D4DDDF56853}"
EndProject
Project("{FAE04EC0-301F-11D3-BF4B-00C04F79EFBC}") = "RqLogger.Logger", "Library\RqLogger.Logger\Code\RqLogger.Logger.csproj", "{3126C499-C9E0-4F53-ADFB-7289EF0BCAB3}"
EndProject
Project("{FAE04EC0-301F-11D3-BF4B-00C04F79EFBC}") = "RqLogger.Logger.Tests", "Library\RqLogger.Logger\Tests\RqLogger.Logger.Tests.csproj", "{9629A2AA-323A-4475-9CAE-B74AAFE894F3}"
EndProject
Global
	GlobalSection(SolutionConfigurationPlatforms) = preSolution
		Debug|Any CPU = Debug|Any CPU
		Debug|x64 = Debug|x64
		Debug|x86 = Debug|x86
		Release|Any CPU = Release|Any CPU
		Release|x64 = Release|x64
		Release|x86 = Release|x86
	EndGlobalSection
	GlobalSection(SolutionProperties) = preSolution
		HideSolutionNode = FALSE
	EndGlobalSection
	GlobalSection(ProjectConfigurationPlatforms) = postSolution
		{20F8A01F-3E19-43A2-A2A7-30E8DFE54886}.Debug|Any CPU.ActiveCfg = Debug|Any CPU
		{20F8A01F-3E19-43A2-A2A7-30E8DFE54886}.Debug|Any CPU.Build.0 = Debug|Any CPU
		{20F8A01F-3E19-43A2-A2A7-30E8DFE54886}.Debug|x64.ActiveCfg = Debug|Any CPU
		{20F8A01F-3E19-43A2-A2A7-30E8DFE54886}.Debug|x64.Build.0 = Debug|Any CPU
		{20F8A01F-3E19-43A2-A2A7-30E8DFE54886}.Debug|x86.ActiveCfg = Debug|Any CPU
		{20F8A01F-3E19-43A2-A2A7-30E8DFE54886}.Debug|x86.Build.0 = Debug|Any CPU
		{20F8A01F-3E19-43A2-A2A7-30E8DFE54886}.Release|Any CPU.ActiveCfg = Release|Any CPU
		{20F8A01F-3E19-43A2-A2A7-30E8DFE54886}.Release|Any CPU.Build.0 = Release|Any CPU
		{20F8A01F-3E19-43A2-A2A7-30E8DFE54886}.Release|x64.ActiveCfg = Release|Any CPU
		{20F8A01F-3E19-43A2-A2A7-30E8DFE54886}.Release|x64.Build.0 = Release|Any CPU
		{20F8A01F-3E19-43A2-A2A7-30E8DFE54886}.Release|x86.ActiveCfg = Release|Any CPU
		{20F8A01F-3E19-43A2-A2A7-30E8DFE54886}.Release|x86.Build.0 = Release|Any CPU
		{29FB783B-9B5B-4B29-AAF3-CAFD681ABF49}.Debug|Any CPU.ActiveCfg = Debug|Any CPU
		{29FB783B-9B5B-4B29-AAF3-CAFD681ABF49}.Debug|Any CPU.Build.0 = Debug|Any CPU
		{29FB783B-9B5B-4B29-AAF3-CAFD681ABF49}.Debug|x64.ActiveCfg = Debug|Any CPU
		{29FB783B-9B5B-4B29-AAF3-CAFD681ABF49}.Debug|x64.Build.0 = Debug|Any CPU
		{29FB783B-9B5B-4B29-AAF3-CAFD681ABF49}.Debug|x86.ActiveCfg = Debug|Any CPU
		{29FB783B-9B5B-4B29-AAF3-CAFD681ABF49}.Debug|x86.Build.0 = Debug|Any CPU
		{29FB783B-9B5B-4B29-AAF3-CAFD681ABF49}.Release|Any CPU.ActiveCfg = Release|Any CPU
		{29FB783B-9B5B-4B29-AAF3-CAFD681ABF49}.Release|Any CPU.Build.0 = Release|Any CPU
		{29FB783B-9B5B-4B29-AAF3-CAFD681ABF49}.Release|x64.ActiveCfg = Release|Any CPU
		{29FB783B-9B5B-4B29-AAF3-CAFD681ABF49}.Release|x64.Build.0 = Release|Any CPU
		{29FB783B-9B5B-4B29-AAF3-CAFD681ABF49}.Release|x86.ActiveCfg = Release|Any CPU
		{29FB783B-9B5B-4B29-AAF3-CAFD681ABF49}.Release|x86.Build.0 = Release|Any CPU
		{F2BE5F68-4702-46A6-97C2-D82D386D7440}.Debug|Any CPU.ActiveCfg = Debug|Any CPU
		{F2BE5F68-4702-46A6-97C2-D82D386D7440}.Debug|Any CPU.Build.0 = Debug|Any CPU
		{F2BE5F68-4702-46A6-97C2-D82D386D7440}.Debug|x64.ActiveCfg = Debug|Any CPU
		{F2BE5F68-4702-46A6-97C2-D82D386D7440}.Debug|x64.Build.0 = Debug|Any CPU
		{F2BE5F68-4702-46A6-97C2-D82D386D7440}.Debug|x86.ActiveCfg = Debug|Any CPU
		{F2BE5F68-4702-46A6-97C2-D82D386D7440}.Debug|x86.Build.0 = Debug|Any CPU
		{F2BE5F68-4702-46A6-97C2-D82D386D7440}.Release|Any CPU.ActiveCfg = Release|Any CPU
		{F2BE5F68-4702-46A6-97C2-D82D386D7440}.Release|Any CPU.Build.0 = Release|Any CPU
		{F2BE5F68-4702-46A6-97C2-D82D386D7440}.Release|x64.ActiveCfg = Release|Any CPU
		{F2BE5F68-4702-46A6-97C2-D82D386D7440}.Release|x64.Build.0 = Release|Any CPU
		{F2BE5F68-4702-46A6-97C2-D82D386D7440}.Release|x86.ActiveCfg = Release|Any CPU
		{F2BE5F68-4702-46A6-97C2-D82D386D7440}.Release|x86.Build.0 = Release|Any CPU
		{2EDDB1CE-A650-4C76-83A6-B516599CE394}.Debug|Any CPU.ActiveCfg = Debug|Any CPU
		{2EDDB1CE-A650-4C76-83A6-B516599CE394}.Debug|Any CPU.Build.0 = Debug|Any CPU
		{2EDDB1CE-A650-4C76-83A6-B516599CE394}.Debug|x64.ActiveCfg = Debug|Any CPU
		{2EDDB1CE-A650-4C76-83A6-B516599CE394}.Debug|x64.Build.0 = Debug|Any CPU
		{2EDDB1CE-A650-4C76-83A6-B516599CE394}.Debug|x86.ActiveCfg = Debug|Any CPU
		{2EDDB1CE-A650-4C76-83A6-B516599CE394}.Debug|x86.Build.0 = Debug|Any CPU
		{2EDDB1CE-A650-4C76-83A6-B516599CE394}.Release|Any CPU.ActiveCfg = Release|Any CPU
		{2EDDB1CE-A650-4C76-83A6-B516599CE394}.Release|Any CPU.Build.0 = Release|Any CPU
		{2EDDB1CE-A650-4C76-83A6-B516599CE394}.Release|x64.ActiveCfg = Release|Any CPU
		{2EDDB1CE-A650-4C76-83A6-B516599CE394}.Release|x64.Build.0 = Release|Any CPU
		{2EDDB1CE-A650-4C76-83A6-B516599CE394}.Release|x86.ActiveCfg = Release|Any CPU
		{2EDDB1CE-A650-4C76-83A6-B516599CE394}.Release|x86.Build.0 = Release|Any CPU
		{3126C499-C9E0-4F53-ADFB-7289EF0BCAB3}.Debug|Any CPU.ActiveCfg = Debug|Any CPU
		{3126C499-C9E0-4F53-ADFB-7289EF0BCAB3}.Debug|Any CPU.Build.0 = Debug|Any CPU
		{3126C499-C9E0-4F53-ADFB-7289EF0BCAB3}.Debug|x64.ActiveCfg = Debug|Any CPU
		{3126C499-C9E0-4F53-ADFB-7289EF0BCAB3}.Debug|x64.Build.0 = Debug|Any CPU
		{3126C499-C9E0-4F53-ADFB-7289EF0BCAB3}.Debug|x86.ActiveCfg = Debug|Any CPU
		{3126C499-C9E0-4F53-ADFB-7289EF0BCAB3}.Debug|x86.Build.0 = Debug|Any CPU
		{3126C499-C9E0-4F53-ADFB-7289EF0BCAB3}.Release|Any CPU.ActiveCfg = Release|Any CPU
		{3126C499-C9E0-4F53-ADFB-7289EF0BCAB3}.Release|Any CPU.Build.0 = Release|Any CPU
		{3126C499-C9E0-4F53-ADFB-7289EF0BCAB3}.Release|x64.ActiveCfg = Release|Any CPU
		{3126C499-C9E0-4F53-ADFB-7289EF0BCAB3}.Release|x64.Build.0 = Release|Any CPU
		{3126C499-C9E0-4F53-ADFB-7289EF0BCAB3}.Release|x86.ActiveCfg = Release|Any CPU
		{3126C499-C9E0-4F53-ADFB-7289EF0BCAB3}.Release|x86.Build.0 = Release|Any CPU
		{9629A2AA-323A-4475-9CAE-B74AAFE894F3}.Debug|Any CPU.ActiveCfg = Debug|Any CPU
		{9629A2AA-323A-4475-9CAE-B74AAFE894F3}.Debug|Any CPU.Build.0 = Debug|Any CPU
		{9629A2AA-323A-4475-9CAE-B74AAFE894F3}.Debug|x64.ActiveCfg = Debug|Any CPU
		{9629A2AA-323A-4475-9CAE-B74AAFE894F3}.Debug|x64.Build.0 = Debug|Any CPU
		{9629A2AA-323A-4475-9CAE-B74AAFE894F3}.Debug|x86.ActiveCfg = Debug|Any CPU
		{9629A2AA-323A-4475-9CAE-B74AAFE894F3}.Debug|x86.Build.0 = Debug|Any CPU
		{9629A2AA-323A-4475-9CAE-B74AAFE894F3}.Release|Any CPU.ActiveCfg = Release|Any CPU
		{9629A2AA-323A-4475-9CAE-B74AAFE894F3}.Release|Any CPU.Build.0 = Release|Any CPU
		{9629A2AA-323A-4475-9CAE-B74AAFE894F3}.Release|x64.ActiveCfg = Release|Any CPU
		{9629A2AA-323A-4475-9CAE-B74AAFE894F3}.Release|x64.Build.0 = Release|Any CPU
		{9629A2AA-323A-4475-9CAE-B74AAFE894F3}.Release|x86.ActiveCfg = Release|Any CPU
		{9629A2AA-323A-4475-9CAE-B74AAFE894F3}.Release|x86.Build.0 = Release|Any CPU
	EndGlobalSection
	GlobalSection(NestedProjects) = preSolution
		{EEF84454-E23D-4D32-8846-25F291D080E0} = {96E588AA-AF76-45C0-99BA-3088CCACB6FC}
		{20F8A01F-3E19-43A2-A2A7-30E8DFE54886} = {EEF84454-E23D-4D32-8846-25F291D080E0}
		{29FB783B-9B5B-4B29-AAF3-CAFD681ABF49} = {EEF84454-E23D-4D32-8846-25F291D080E0}
		{EBF27C7C-B667-43A7-B95B-4301E116EF82} = {8C7D532C-3882-4BF6-BF2E-6ACE5A785C3B}
		{F2BE5F68-4702-46A6-97C2-D82D386D7440} = {EBF27C7C-B667-43A7-B95B-4301E116EF82}
		{2EDDB1CE-A650-4C76-83A6-B516599CE394} = {EBF27C7C-B667-43A7-B95B-4301E116EF82}
		{5EDB6EC0-C6EC-428E-990B-2D4DDDF56853} = {96E588AA-AF76-45C0-99BA-3088CCACB6FC}
		{3126C499-C9E0-4F53-ADFB-7289EF0BCAB3} = {5EDB6EC0-C6EC-428E-990B-2D4DDDF56853}
		{9629A2AA-323A-4475-9CAE-B74AAFE894F3} = {5EDB6EC0-C6EC-428E-990B-2D4DDDF56853}
	EndGlobalSection
EndGlobal
